
Microsoft Visual Studio Solution File, Format Version 12.00
# Visual Studio 15
VisualStudioVersion = 15.0.26228.9
MinimumVisualStudioVersion = 10.0.40219.1
Project("{FAE04EC0-301F-11D3-BF4B-00C04F79EFBC}") = "NHibernateHilo.App", "NHibernateHilo.App.csproj", "{F64F15AB-7B61-4664-8202-AE6090BAC9D1}"
EndProject
Project("{2150E333-8FDC-42A3-9474-1A3956D46DE8}") = "Database Scripts", "Database Scripts", "{4F31940F-38AE-4AE1-8D5F-F256A4BBBF10}"
	ProjectSection(SolutionItems) = preProject
		CreateTables.sql = CreateTables.sql
	EndProjectSection
EndProject
Global
	GlobalSection(SolutionConfigurationPlatforms) = preSolution
		Debug|Any CPU = Debug|Any CPU
		Release|Any CPU = Release|Any CPU
	EndGlobalSection
	GlobalSection(ProjectConfigurationPlatforms) = postSolution
		{F64F15AB-7B61-4664-8202-AE6090BAC9D1}.Debug|Any CPU.ActiveCfg = Debug|Any CPU
		{F64F15AB-7B61-4664-8202-AE6090BAC9D1}.Debug|Any CPU.Build.0 = Debug|Any CPU
		{F64F15AB-7B61-4664-8202-AE6090BAC9D1}.Release|Any CPU.ActiveCfg = Release|Any CPU
		{F64F15AB-7B61-4664-8202-AE6090BAC9D1}.Release|Any CPU.Build.0 = Release|Any CPU
	EndGlobalSection
	GlobalSection(SolutionProperties) = preSolution
		HideSolutionNode = FALSE
	EndGlobalSection
EndGlobal
